schema: '2.0'
stages:
  fetch_data_pol_personal_access:
    cmd: python /home/fran/Escritorio/i3uex/education_drop/Code/Data_Acquisition_and_Understanding/Fetch_Data/fetch_data.py
      -i "/home/fran/Escritorio/i3uex/education_drop/Data/Raw/Politecnica -datos de
      expediente,personales y de acceso.xls" -o "/home/fran/Escritorio/i3uex/education_drop/Data/Interim/Polytechnic/polytechnic_record_personal_access.csv"
    deps:
    - path: ../../../Data/Raw/Politecnica -datos de expediente,personales y de acceso.xls
      md5: bf5e5bfbc15e97cbf9622afaebb2a109
      size: 1867264
    outs:
    - path: ../../../Data/Interim/Polytechnic/polytechnic_record_personal_access.csv
      md5: 51d3994409479e9a37819cd721447bd9
      size: 1027023
  fetch_data_pol_plan_subj_call:
    cmd: python /home/fran/Escritorio/i3uex/education_drop/Code/Data_Acquisition_and_Understanding/Fetch_Data/fetch_data.py
      -i "/home/fran/Escritorio/i3uex/education_drop/Data/Raw/Politecnica -plan asignatura
      convocatoria.xls" -o "/home/fran/Escritorio/i3uex/education_drop/Data/Interim/Polytechnic/polytechnic_plan_subject_call.csv"
    deps:
    - path: ../../../Data/Raw/Politecnica -plan asignatura convocatoria.xls
      md5: 7b74013f840e2cd6c73658ae0a7dfa6a
      size: 49014272
    outs:
    - path: ../../../Data/Interim/Polytechnic/polytechnic_plan_subject_call.csv
      md5: b99fe3b51dbfac03bc1cd5c8abc52207
      size: 28021726
  fetch_data_teach_scholarship_per_year:
    cmd: python /home/fran/Escritorio/i3uex/education_drop/Code/Data_Acquisition_and_Understanding/Fetch_Data/fetch_data.py
      -i "/home/fran/Escritorio/i3uex/education_drop/Data/Raw/Profesorado -becario
      por curso academico.xls" -o "/home/fran/Escritorio/i3uex/education_drop/Data/Interim/Teaching/teaching_scholarship_per_year.csv"
    deps:
    - path: ../../../Data/Raw/Profesorado -becario por curso academico.xls
      md5: 887f20e7dd4ac56f26be339adcde571b
      size: 2037248
    outs:
    - path: ../../../Data/Interim/Teaching/teaching_scholarship_per_year.csv
      md5: 545e8f0436c4413d48746717bda06f38
      size: 1331370
  fetch_data_teach_plan_subj_call:
    cmd: python /home/fran/Escritorio/i3uex/education_drop/Code/Data_Acquisition_and_Understanding/Fetch_Data/fetch_data.py
      -i "/home/fran/Escritorio/i3uex/education_drop/Data/Raw/Profesorado -plan asignatura
      convocatoria.xls" -o "/home/fran/Escritorio/i3uex/education_drop/Data/Interim/Teaching/teaching_plan_subject_call.csv"
    deps:
    - path: ../../../Data/Raw/Profesorado -plan asignatura convocatoria.xls
      md5: d501f4c3e50546947bdea542c8baffb9
      size: 54567424
    outs:
    - path: ../../../Data/Interim/Teaching/teaching_plan_subject_call.csv
      md5: ed80b76e3edf0358a9cbe7dbb943c95b
      size: 36088089
  fetch_data_teach_personal_access:
    cmd: python /home/fran/Escritorio/i3uex/education_drop/Code/Data_Acquisition_and_Understanding/Fetch_Data/fetch_data.py
      -i "/home/fran/Escritorio/i3uex/education_drop/Data/Raw/Profesorado -datos de
      expediente,personales y de acceso.xls" -o "/home/fran/Escritorio/i3uex/education_drop/Data/Interim/Teaching/teaching_record_personal_access.csv"
    deps:
    - path: ../../../Data/Raw/Profesorado -datos de expediente,personales y de acceso.xls
      md5: eb4899128eaeff4e111af7d9d6b49bc5
      size: 2698752
    outs:
    - path: ../../../Data/Interim/Teaching/teaching_record_personal_access.csv
      md5: 6bb2b4dab25000474524fd96ecb677fe
      size: 1478942
  fetch_data_pol_scholarship_per_year:
    cmd: python /home/fran/Escritorio/i3uex/education_drop/Code/Data_Acquisition_and_Understanding/Fetch_Data/fetch_data.py
      -i "/home/fran/Escritorio/i3uex/education_drop/Data/Raw/Politecnica -becario
      por curso academico.xls" -o "/home/fran/Escritorio/i3uex/education_drop/Data/Interim/Polytechnic/polytechnic_scholarship_per_year.csv"
    deps:
    - path: ../../../Data/Raw/Politecnica -becario por curso academico.xls
      md5: 7195c333a572c535a5a78e6880d8b502
      size: 1494528
    outs:
    - path: ../../../Data/Interim/Polytechnic/polytechnic_scholarship_per_year.csv
      md5: 1c079440cee2bcc23facccdfba25d3bd
      size: 1078933
  etl_pol_plan_subj_call:
    cmd: python /home/fran/Escritorio/i3uex/education_drop/Code/Data_Acquisition_and_Understanding/ETL/etl_scolarship_per_year_and_plan_subj_call/etl_scolarship_per_year_and_plan_subj_call.py
      -i "/home/fran/Escritorio/i3uex/education_drop/Data/Interim/Polytechnic/polytechnic_plan_subject_call.csv"
      -o "/home/fran/Escritorio/i3uex/education_drop/Data/Processed/Polytechnic/Plan_Subject_Call/pr_polytechnic_plan_subject_call.csv"
      -s "Polytechnic"
    deps:
    - path: ../../../../Data/Interim/Polytechnic/polytechnic_plan_subject_call.csv
      md5: b99fe3b51dbfac03bc1cd5c8abc52207
      size: 28021726
    - path: ../../../keys.py
      md5: 7aa472c0fc9233846361be28cffc409a
      size: 1158
    outs:
    - path: ../../../../Data/Processed/Polytechnic/Plan_Subject_Call/pr_polytechnic_plan_subject_call.csv
      md5: 6e9713ae442ba01761d37b98956007fa
      size: 27832849
  python_path:
    cmd: export PYTHONPATH='/home/fran/Escritorio/i3uex/education_drop/Code'
  etl_pol_scolarship_per_year:
    cmd: python /home/fran/Escritorio/i3uex/education_drop/Code/Data_Acquisition_and_Understanding/ETL/etl_scolarship_per_year_and_plan_subj_call/etl_scolarship_per_year_and_plan_subj_call.py
      -i "/home/fran/Escritorio/i3uex/education_drop/Data/Interim/Polytechnic/polytechnic_scholarship_per_year.csv"
      -o "/home/fran/Escritorio/i3uex/education_drop/Data/Processed/Polytechnic/Scolarship_per_year/pr_polytechnic_scholarship_per_year.csv"
      -s "Polytechnic"
    deps:
    - path: ../../../../Data/Interim/Polytechnic/polytechnic_scholarship_per_year.csv
      md5: 1c079440cee2bcc23facccdfba25d3bd
      size: 1078933
    - path: ../../../keys.py
      md5: 7aa472c0fc9233846361be28cffc409a
      size: 1158
    outs:
    - path: ../../../../Data/Processed/Polytechnic/Scolarship_per_year/pr_polytechnic_scholarship_per_year.csv
      md5: 95e81d20e4d6e6114f55ac892e84756c
      size: 1065167
  etl_pol_scolarship_per_yea:
    cmd: python /home/fran/Escritorio/i3uex/education_drop/Code/Data_Acquisition_and_Understanding/ETL/etl_scolarship_per_year_and_plan_subj_call/etl_scolarship_per_year_and_plan_subj_call.py
      -i "/home/fran/Escritorio/i3uex/education_drop/Data/Interim/Polytechnic/polytechnic_scholarship_per_year.csv"
      -o "/home/fran/Escritorio/i3uex/education_drop/Data/Processed/Polytechnic/Scolarship_per_year/pr_polytechnic_scholarship_per_year.csv"
      -s "Polytechnic"
  etl_pol_record_personal_access:
    cmd: python /home/fran/Escritorio/i3uex/education_drop/Code/Data_Acquisition_and_Understanding/ETL/etl_record_personal_access/etl_record_personal_access.py
      -i "/home/fran/Escritorio/i3uex/education_drop/Data/Interim/Polytechnic/polytechnic_record_personal_access.csv"
      "/home/fran/Escritorio/i3uex/education_drop/Data/Processed/Polytechnic/Plan_Subject_Call/pr_polytechnic_plan_subject_call.csv"
      -o "/home/fran/Escritorio/i3uex/education_drop/Data/Processed/Polytechnic/Record_Personal_Access/pr_polytechnic_record_personal_access.csv"
      -s "Polytechnic"
    deps:
    - path: ../../../../Data/Interim/Polytechnic/polytechnic_record_personal_access.csv
      md5: 51d3994409479e9a37819cd721447bd9
      size: 1027023
    - path: ../../../../Data/Processed/Polytechnic/Plan_Subject_Call/pr_polytechnic_plan_subject_call.csv
      md5: 6e9713ae442ba01761d37b98956007fa
      size: 27832849
    - path: ../../../keys.py
      md5: 7aa472c0fc9233846361be28cffc409a
      size: 1158
    outs:
    - path: ../../../../Data/Processed/Polytechnic/Record_Personal_Access/pr_polytechnic_record_personal_access.csv
      md5: 606d8a176e97a4e7db1646960bf7f0e0
      size: 461665
  feat_eng_pol_personal_access:
    cmd: python /home/fran/Escritorio/i3uex/education_drop/Code/Analysis_and_Modeling/Feature_Engineering/personal_access_feat_eng.py
      -i "/home/fran/Escritorio/i3uex/education_drop/Data/Processed/Polytechnic/Record_Personal_Access/pr_polytechnic_record_personal_access.csv"
      -o "/home/fran/Escritorio/i3uex/education_drop/Data/For_Analysis_and_Modeling/personal_access_data/analys_polytechnic_record_personal_access.csv"
      -s "Polytechnic"
    deps:
    - path: ../../../Data/Processed/Polytechnic/Record_Personal_Access/pr_polytechnic_record_personal_access.csv
      md5: 606d8a176e97a4e7db1646960bf7f0e0
      size: 461665
    - path: ../../keys.py
      md5: 7aa472c0fc9233846361be28cffc409a
      size: 1158
    outs:
    - path: ../../../Data/For_Analysis_and_Modeling/personal_access_data/analys_polytechnic_record_personal_access.csv
      md5: bf5e71a42ca84ba109aece7b3d50fd9c
      size: 203635
  feat_eng_pol_personal_acces:
    cmd: python /home/fran/Escritorio/i3uex/education_drop/Code/Analysis_and_Modeling/Feature_Engineering/personal_access_feat_eng.py
      -i "/home/fran/Escritorio/i3uex/education_drop/Data/Processed/Polytechnic/Record_Personal_Access/pr_polytechnic_record_personal_access.csv"
      -o "/home/fran/Escritorio/i3uex/education_drop/Data/For_Analysis_and_Modeling/personal_access_data/analys_polytechnic_record_personal_access.csv"
      -s "Polytechnic"
    deps:
    - path: ../../../Data/Processed/Polytechnic/Record_Personal_Access/pr_polytechnic_record_personal_access.csv
      md5: 606d8a176e97a4e7db1646960bf7f0e0
      size: 461665
    - path: ../../keys.py
      md5: 7aa472c0fc9233846361be28cffc409a
      size: 1158
    outs:
    - path: ../../../Data/For_Analysis_and_Modeling/personal_access_data/analys_polytechnic_record_personal_access.csv
      md5: bf5e71a42ca84ba109aece7b3d50fd9c
      size: 203635
  feat_sel_pol_personal_access:
    cmd: python /home/fran/Escritorio/i3uex/education_drop/Code/Analysis_and_Modeling/Feature_Selection/feat_sel.py
      -i "/home/fran/Escritorio/i3uex/education_drop/Data/For_Analysis_and_Modeling/personal_access_data/analys_polytechnic_record_personal_access.csv"
      -o "/home/fran/Escritorio/i3uex/education_drop/Data/For_Analysis_and_Modeling/personal_access_data/final_analys_polytechnic_record_personal_access.csv"
      -s "Polytechnic" -c 0 -q 0
    deps:
    - path: ../../../Data/For_Analysis_and_Modeling/personal_access_data/analys_polytechnic_record_personal_access.csv
      md5: bf5e71a42ca84ba109aece7b3d50fd9c
      size: 203635
    - path: ../../keys.py
      md5: 7aa472c0fc9233846361be28cffc409a
      size: 1158
    outs:
    - path: ../../../Data/For_Analysis_and_Modeling/personal_access_data/final_analys_polytechnic_record_personal_access.csv
      md5: 9a7c83000ba2af3de287f2659c75220e
      size: 191610
  analysis_pol_personal_access:
    cmd: python /home/fran/Escritorio/i3uex/education_drop/Code/Analysis_and_Modeling/Analysis/ensemble_model.py
      -i "/home/fran/Escritorio/i3uex/education_drop/Data/For_Analysis_and_Modeling/personal_access_data/final_analys_polytechnic_record_personal_access.csv"
      -o "/home/fran/Escritorio/i3uex/education_drop/Data/For_Analysis_and_Modeling/personal_access_data/pred_analys_polytechnic_record_personal_access.csv"
      -s "Polytechnic" -c 0 -q 0 -mn 0
    deps:
    - path: ../../../Data/For_Analysis_and_Modeling/personal_access_data/final_analys_polytechnic_record_personal_access.csv
      md5: 9a7c83000ba2af3de287f2659c75220e
      size: 191610
    - path: ../../keys.py
      md5: 7aa472c0fc9233846361be28cffc409a
      size: 1158
    outs:
    - path: ../../../Data/For_Analysis_and_Modeling/personal_access_data/pred_analys_polytechnic_record_personal_access.csv
      md5: ea63fee6616c0267fd81d4f64dbe91df
      size: 194448
  feat_eng_pol_1st_quad:
    cmd: python /home/fran/Escritorio/i3uex/education_drop/Code/Analysis_and_Modeling/Feature_Engineering/quadrimesters_feat_eng.py
      -i "/home/fran/Escritorio/i3uex/education_drop/Data/For_Analysis_and_Modeling/personal_access_data/pred_analys_polytechnic_record_personal_access.csv"
      "/home/fran/Escritorio/i3uex/education_drop/Data/Processed/Polytechnic/Plan_Subject_Call/pr_polytechnic_plan_subject_call.csv"
      "/home/fran/Escritorio/i3uex/education_drop/Data/Processed/Polytechnic/Scolarship_per_year/pr_polytechnic_scholarship_per_year.csv"
      -o "/home/fran/Escritorio/i3uex/education_drop/Data/For_Analysis_and_Modeling/1st_quadrimester/analys_polytechnic_record_personal_access.csv"
      -s "Polytechnic" -c 1 -q 1
    deps:
    - path: ../../../Data/For_Analysis_and_Modeling/personal_access_data/pred_analys_polytechnic_record_personal_access.csv
      md5: ea63fee6616c0267fd81d4f64dbe91df
      size: 194448
    - path: ../../../Data/Processed/Polytechnic/Plan_Subject_Call/pr_polytechnic_plan_subject_call.csv
      md5: 6e9713ae442ba01761d37b98956007fa
      size: 27832849
    - path: ../../../Data/Processed/Polytechnic/Scolarship_per_year/pr_polytechnic_scholarship_per_year.csv
      md5: 95e81d20e4d6e6114f55ac892e84756c
      size: 1065167
    - path: ../../keys.py
      md5: 7aa472c0fc9233846361be28cffc409a
      size: 1158
    outs:
    - path: ../../../Data/For_Analysis_and_Modeling/1st_quadrimester/analys_polytechnic_record_personal_access.csv
      md5: 3ca8bad7bc3477f5be3f1711d94b648c
      size: 231049
  feat_sel_pol_1st_quad:
    cmd: python /home/fran/Escritorio/i3uex/education_drop/Code/Analysis_and_Modeling/Feature_Selection/feat_sel.py
      -i "/home/fran/Escritorio/i3uex/education_drop/Data/For_Analysis_and_Modeling/1st_quadrimester/analys_polytechnic_record_personal_access.csv"
      -o "/home/fran/Escritorio/i3uex/education_drop/Data/For_Analysis_and_Modeling/1st_quadrimester/final_analys_polytechnic_record_personal_access.csv"
      -s "Polytechnic" -c 1 -q 1
    deps:
    - path: ../../../Data/For_Analysis_and_Modeling/1st_quadrimester/analys_polytechnic_record_personal_access.csv
      md5: 3ca8bad7bc3477f5be3f1711d94b648c
      size: 231049
    - path: ../../keys.py
      md5: 7aa472c0fc9233846361be28cffc409a
      size: 1158
    outs:
    - path: ../../../Data/For_Analysis_and_Modeling/1st_quadrimester/final_analys_polytechnic_record_personal_access.csv
      md5: e28287fa2bab7ff2dc2bb12a3cb52956
      size: 224507
  analys_pol_1st_quad:
    cmd: python /home/fran/Escritorio/i3uex/education_drop/Code/Analysis_and_Modeling/Analysis/ensemble_model.py
      -i "/home/fran/Escritorio/i3uex/education_drop/Data/For_Analysis_and_Modeling/1st_quadrimester/final_analys_polytechnic_record_personal_access.csv"
      -o "/home/fran/Escritorio/i3uex/education_drop/Data/For_Analysis_and_Modeling/1st_quadrimester/pred_analys_polytechnic_record_personal_access.csv"
      -s "Polytechnic" -c 1 -q 1 -mn 1
    deps:
    - path: ../../../Data/For_Analysis_and_Modeling/1st_quadrimester/final_analys_polytechnic_record_personal_access.csv
      md5: e28287fa2bab7ff2dc2bb12a3cb52956
      size: 224507
    - path: ../../keys.py
      md5: 7aa472c0fc9233846361be28cffc409a
      size: 1158
    outs:
    - path: ../../../Data/For_Analysis_and_Modeling/1st_quadrimester/pred_analys_polytechnic_record_personal_access.csv
      md5: 6d5a3ca4d979e81a26c10f9dd015fa2e
      size: 227343
  feat_eng_pol_2nd_quad:
    cmd: python /home/fran/Escritorio/i3uex/education_drop/Code/Analysis_and_Modeling/Feature_Engineering/quadrimesters_feat_eng.py
      -i "/home/fran/Escritorio/i3uex/education_drop/Data/For_Analysis_and_Modeling/1st_quadrimester/pred_analys_polytechnic_record_personal_access.csv"
      "/home/fran/Escritorio/i3uex/education_drop/Data/Processed/Polytechnic/Plan_Subject_Call/pr_polytechnic_plan_subject_call.csv"
      "/home/fran/Escritorio/i3uex/education_drop/Data/Processed/Polytechnic/Scolarship_per_year/pr_polytechnic_scholarship_per_year.csv"
      -o "/home/fran/Escritorio/i3uex/education_drop/Data/For_Analysis_and_Modeling/2nd_quadrimester/analys_polytechnic_record_personal_access.csv"
      -s "Polytechnic" -c 1 -q 2
    deps:
    - path: ../../../Data/For_Analysis_and_Modeling/1st_quadrimester/pred_analys_polytechnic_record_personal_access.csv
      md5: 6d5a3ca4d979e81a26c10f9dd015fa2e
      size: 227343
    - path: ../../../Data/Processed/Polytechnic/Plan_Subject_Call/pr_polytechnic_plan_subject_call.csv
      md5: 6e9713ae442ba01761d37b98956007fa
      size: 27832849
    - path: ../../../Data/Processed/Polytechnic/Scolarship_per_year/pr_polytechnic_scholarship_per_year.csv
      md5: 95e81d20e4d6e6114f55ac892e84756c
      size: 1065167
    - path: ../../keys.py
      md5: 7aa472c0fc9233846361be28cffc409a
      size: 1158
    outs:
    - path: ../../../Data/For_Analysis_and_Modeling/2nd_quadrimester/analys_polytechnic_record_personal_access.csv
      md5: 4d9244dd87e5cc124a80cc05f55d514a
      size: 242360
  feat_sel_pol_2nd_quad:
    cmd: python /home/fran/Escritorio/i3uex/education_drop/Code/Analysis_and_Modeling/Feature_Selection/feat_sel.py
      -i "/home/fran/Escritorio/i3uex/education_drop/Data/For_Analysis_and_Modeling/2nd_quadrimester/analys_polytechnic_record_personal_access.csv"
      -o "/home/fran/Escritorio/i3uex/education_drop/Data/For_Analysis_and_Modeling/2nd_quadrimester/final_analys_polytechnic_record_personal_access.csv"
      -s "Polytechnic" -c 1 -q 2
    deps:
    - path: ../../../Data/For_Analysis_and_Modeling/2nd_quadrimester/analys_polytechnic_record_personal_access.csv
      md5: 4d9244dd87e5cc124a80cc05f55d514a
      size: 242360
    - path: ../../keys.py
      md5: 7aa472c0fc9233846361be28cffc409a
      size: 1158
    outs:
    - path: ../../../Data/For_Analysis_and_Modeling/2nd_quadrimester/final_analys_polytechnic_record_personal_access.csv
      md5: 3695af1a5f0006986956b4d900a7524b
      size: 234989
  analys_pol_2nd_quad:
    cmd: python /home/fran/Escritorio/i3uex/education_drop/Code/Analysis_and_Modeling/Analysis/ensemble_model.py
      -i "/home/fran/Escritorio/i3uex/education_drop/Data/For_Analysis_and_Modeling/2nd_quadrimester/final_analys_polytechnic_record_personal_access.csv"
      -o "/home/fran/Escritorio/i3uex/education_drop/Data/For_Analysis_and_Modeling/2nd_quadrimester/pred_analys_polytechnic_record_personal_access.csv"
      -s "Polytechnic" -c 1 -q 2 -mn 2
    deps:
    - path: ../../../Data/For_Analysis_and_Modeling/2nd_quadrimester/final_analys_polytechnic_record_personal_access.csv
      md5: 3695af1a5f0006986956b4d900a7524b
      size: 234989
    - path: ../../keys.py
      md5: 7aa472c0fc9233846361be28cffc409a
      size: 1158
    outs:
    - path: ../../../Data/For_Analysis_and_Modeling/2nd_quadrimester/pred_analys_polytechnic_record_personal_access.csv
      md5: bf6928453d39f8a7f6c2b92a5d3fed5f
      size: 237823
  feat_eng_pol_3rd_quad:
    cmd: python /home/fran/Escritorio/i3uex/education_drop/Code/Analysis_and_Modeling/Feature_Engineering/quadrimesters_feat_eng.py
      -i "/home/fran/Escritorio/i3uex/education_drop/Data/For_Analysis_and_Modeling/2nd_quadrimester/pred_analys_polytechnic_record_personal_access.csv"
      "/home/fran/Escritorio/i3uex/education_drop/Data/Processed/Polytechnic/Plan_Subject_Call/pr_polytechnic_plan_subject_call.csv"
      "/home/fran/Escritorio/i3uex/education_drop/Data/Processed/Polytechnic/Scolarship_per_year/pr_polytechnic_scholarship_per_year.csv"
      -o "/home/fran/Escritorio/i3uex/education_drop/Data/For_Analysis_and_Modeling/3rd_quadrimester/analys_polytechnic_record_personal_access.csv"
      -s "Polytechnic" -c 2 -q 1
    deps:
    - path: ../../../Data/For_Analysis_and_Modeling/2nd_quadrimester/pred_analys_polytechnic_record_personal_access.csv
      md5: bf6928453d39f8a7f6c2b92a5d3fed5f
      size: 237823
    - path: ../../../Data/Processed/Polytechnic/Plan_Subject_Call/pr_polytechnic_plan_subject_call.csv
      md5: 6e9713ae442ba01761d37b98956007fa
      size: 27832849
    - path: ../../../Data/Processed/Polytechnic/Scolarship_per_year/pr_polytechnic_scholarship_per_year.csv
      md5: 95e81d20e4d6e6114f55ac892e84756c
      size: 1065167
    - path: ../../keys.py
      md5: 7aa472c0fc9233846361be28cffc409a
      size: 1158
    outs:
    - path: ../../../Data/For_Analysis_and_Modeling/3rd_quadrimester/analys_polytechnic_record_personal_access.csv
      md5: 6e5209e07a4a6584df4e22cf86a49e15
      size: 194039
  feat_sel_pol_3rd_quad:
    cmd: python /home/fran/Escritorio/i3uex/education_drop/Code/Analysis_and_Modeling/Feature_Selection/feat_sel.py
      -i "/home/fran/Escritorio/i3uex/education_drop/Data/For_Analysis_and_Modeling/3rd_quadrimester/analys_polytechnic_record_personal_access.csv"
      -o "/home/fran/Escritorio/i3uex/education_drop/Data/For_Analysis_and_Modeling/3rd_quadrimester/final_analys_polytechnic_record_personal_access.csv"
      -s "Polytechnic" -c 2 -q 1
    deps:
    - path: ../../../Data/For_Analysis_and_Modeling/3rd_quadrimester/analys_polytechnic_record_personal_access.csv
      md5: 6e5209e07a4a6584df4e22cf86a49e15
      size: 194039
    - path: ../../keys.py
      md5: 7aa472c0fc9233846361be28cffc409a
      size: 1158
    outs:
    - path: ../../../Data/For_Analysis_and_Modeling/3rd_quadrimester/final_analys_polytechnic_record_personal_access.csv
      md5: f909d6777bcaa9698547833674ba9d76
      size: 177285
  analys_pol_3rd_quad:
    cmd: python /home/fran/Escritorio/i3uex/education_drop/Code/Analysis_and_Modeling/Analysis/ensemble_model.py
      -i "/home/fran/Escritorio/i3uex/education_drop/Data/For_Analysis_and_Modeling/3rd_quadrimester/final_analys_polytechnic_record_personal_access.csv"
      -o "/home/fran/Escritorio/i3uex/education_drop/Data/For_Analysis_and_Modeling/3rd_quadrimester/pred_analys_polytechnic_record_personal_access.csv"
      -s "Polytechnic" -c 2 -q 1 -mn 3
    deps:
    - path: ../../../Data/For_Analysis_and_Modeling/3rd_quadrimester/final_analys_polytechnic_record_personal_access.csv
      md5: f909d6777bcaa9698547833674ba9d76
      size: 177285
    - path: ../../keys.py
      md5: 7aa472c0fc9233846361be28cffc409a
      size: 1158
    outs:
    - path: ../../../Data/For_Analysis_and_Modeling/3rd_quadrimester/pred_analys_polytechnic_record_personal_access.csv
      md5: b844abfb4fc8d31ac8f1051143faf967
      size: 185792
  feat_eng_pol_4th_quad:
    cmd: python /home/fran/Escritorio/i3uex/education_drop/Code/Analysis_and_Modeling/Feature_Engineering/quadrimesters_feat_eng.py
      -i "/home/fran/Escritorio/i3uex/education_drop/Data/For_Analysis_and_Modeling/3rd_quadrimester/pred_analys_polytechnic_record_personal_access.csv"
      "/home/fran/Escritorio/i3uex/education_drop/Data/Processed/Polytechnic/Plan_Subject_Call/pr_polytechnic_plan_subject_call.csv"
      "/home/fran/Escritorio/i3uex/education_drop/Data/Processed/Polytechnic/Scolarship_per_year/pr_polytechnic_scholarship_per_year.csv"
      -o "/home/fran/Escritorio/i3uex/education_drop/Data/For_Analysis_and_Modeling/4th_quadrimester/analys_polytechnic_record_personal_access.csv"
      -s "Polytechnic" -c 2 -q 2
    deps:
    - path: ../../../Data/For_Analysis_and_Modeling/3rd_quadrimester/pred_analys_polytechnic_record_personal_access.csv
      md5: b844abfb4fc8d31ac8f1051143faf967
      size: 185792
    - path: ../../../Data/Processed/Polytechnic/Plan_Subject_Call/pr_polytechnic_plan_subject_call.csv
      md5: 6e9713ae442ba01761d37b98956007fa
      size: 27832849
    - path: ../../../Data/Processed/Polytechnic/Scolarship_per_year/pr_polytechnic_scholarship_per_year.csv
      md5: 95e81d20e4d6e6114f55ac892e84756c
      size: 1065167
    - path: ../../keys.py
      md5: 7aa472c0fc9233846361be28cffc409a
      size: 1158
    outs:
    - path: ../../../Data/For_Analysis_and_Modeling/4th_quadrimester/analys_polytechnic_record_personal_access.csv
      md5: 75b429f4bdd4b7dc4ad0bcf83ebf36f9
      size: 210125
  feat_sel_pol_4th_quad:
    cmd: python /home/fran/Escritorio/i3uex/education_drop/Code/Analysis_and_Modeling/Feature_Selection/feat_sel.py
      -i "/home/fran/Escritorio/i3uex/education_drop/Data/For_Analysis_and_Modeling/4th_quadrimester/analys_polytechnic_record_personal_access.csv"
      -o "/home/fran/Escritorio/i3uex/education_drop/Data/For_Analysis_and_Modeling/4th_quadrimester/final_analys_polytechnic_record_personal_access.csv"
      -s "Polytechnic" -c 2 -q 2
    deps:
    - path: ../../../Data/For_Analysis_and_Modeling/4th_quadrimester/analys_polytechnic_record_personal_access.csv
      md5: 75b429f4bdd4b7dc4ad0bcf83ebf36f9
      size: 210125
    - path: ../../keys.py
      md5: 7aa472c0fc9233846361be28cffc409a
      size: 1158
    outs:
    - path: ../../../Data/For_Analysis_and_Modeling/4th_quadrimester/final_analys_polytechnic_record_personal_access.csv
      md5: 122e77d9b324e3d7684222b787dde28f
      size: 192222
  analys_pol_4th_quad:
    cmd: python /home/fran/Escritorio/i3uex/education_drop/Code/Analysis_and_Modeling/Analysis/ensemble_model.py
      -i "/home/fran/Escritorio/i3uex/education_drop/Data/For_Analysis_and_Modeling/4th_quadrimester/final_analys_polytechnic_record_personal_access.csv"
      -o "/home/fran/Escritorio/i3uex/education_drop/Data/For_Analysis_and_Modeling/4th_quadrimester/pred_analys_polytechnic_record_personal_access.csv"
      -s "Polytechnic" -c 2 -q 2 -mn 4
    deps:
    - path: ../../../Data/For_Analysis_and_Modeling/4th_quadrimester/final_analys_polytechnic_record_personal_access.csv
      md5: 122e77d9b324e3d7684222b787dde28f
      size: 192222
    - path: ../../keys.py
      md5: 7aa472c0fc9233846361be28cffc409a
      size: 1158
    outs:
    - path: ../../../Data/For_Analysis_and_Modeling/4th_quadrimester/pred_analys_polytechnic_record_personal_access.csv
      md5: be9cb12dc82dcb8723f40be454bdb941
      size: 189688
  feat_eng_pol_5th_quad:
    cmd: python /home/fran/Escritorio/i3uex/education_drop/Code/Analysis_and_Modeling/Feature_Engineering/quadrimesters_feat_eng.py
      -i "/home/fran/Escritorio/i3uex/education_drop/Data/For_Analysis_and_Modeling/4th_quadrimester/pred_analys_polytechnic_record_personal_access.csv"
      "/home/fran/Escritorio/i3uex/education_drop/Data/Processed/Polytechnic/Plan_Subject_Call/pr_polytechnic_plan_subject_call.csv"
      "/home/fran/Escritorio/i3uex/education_drop/Data/Processed/Polytechnic/Scolarship_per_year/pr_polytechnic_scholarship_per_year.csv"
      -o "/home/fran/Escritorio/i3uex/education_drop/Data/For_Analysis_and_Modeling/5th_quadrimester/analys_polytechnic_record_personal_access.csv"
      -s "Polytechnic" -c 3 -q 1
    deps:
    - path: ../../../Data/For_Analysis_and_Modeling/4th_quadrimester/pred_analys_polytechnic_record_personal_access.csv
      md5: be9cb12dc82dcb8723f40be454bdb941
      size: 189688
    - path: ../../../Data/Processed/Polytechnic/Plan_Subject_Call/pr_polytechnic_plan_subject_call.csv
      md5: 6e9713ae442ba01761d37b98956007fa
      size: 27832849
    - path: ../../../Data/Processed/Polytechnic/Scolarship_per_year/pr_polytechnic_scholarship_per_year.csv
      md5: 95e81d20e4d6e6114f55ac892e84756c
      size: 1065167
    - path: ../../keys.py
      md5: 7aa472c0fc9233846361be28cffc409a
      size: 1158
    outs:
    - path: ../../../Data/For_Analysis_and_Modeling/5th_quadrimester/analys_polytechnic_record_personal_access.csv
      md5: 814b778f55aef15d229a3f1b92d40046
      size: 178197
  feat_sel_pol_5th_quad:
    cmd: python /home/fran/Escritorio/i3uex/education_drop/Code/Analysis_and_Modeling/Feature_Selection/feat_sel.py
      -i "/home/fran/Escritorio/i3uex/education_drop/Data/For_Analysis_and_Modeling/5th_quadrimester/analys_polytechnic_record_personal_access.csv"
      -o "/home/fran/Escritorio/i3uex/education_drop/Data/For_Analysis_and_Modeling/5th_quadrimester/final_analys_polytechnic_record_personal_access.csv"
      -s "Polytechnic" -c 3 -q 1
    deps:
    - path: ../../../Data/For_Analysis_and_Modeling/5th_quadrimester/analys_polytechnic_record_personal_access.csv
      md5: 814b778f55aef15d229a3f1b92d40046
      size: 178197
    - path: ../../keys.py
      md5: 7aa472c0fc9233846361be28cffc409a
      size: 1158
    outs:
    - path: ../../../Data/For_Analysis_and_Modeling/5th_quadrimester/final_analys_polytechnic_record_personal_access.csv
      md5: 7af8147d69f66c2dd5c86305401bbe1a
      size: 165222
  analys_pol_5th_quad:
    cmd: python /home/fran/Escritorio/i3uex/education_drop/Code/Analysis_and_Modeling/Analysis/ensemble_model.py
      -i "/home/fran/Escritorio/i3uex/education_drop/Data/For_Analysis_and_Modeling/5th_quadrimester/final_analys_polytechnic_record_personal_access.csv"
      -o "/home/fran/Escritorio/i3uex/education_drop/Data/For_Analysis_and_Modeling/5th_quadrimester/pred_analys_polytechnic_record_personal_access.csv"
      -s "Polytechnic" -c 3 -q 1 -mn 5
    deps:
    - path: ../../../Data/For_Analysis_and_Modeling/5th_quadrimester/final_analys_polytechnic_record_personal_access.csv
      md5: 7af8147d69f66c2dd5c86305401bbe1a
      size: 165222
    - path: ../../keys.py
      md5: 7aa472c0fc9233846361be28cffc409a
      size: 1158
    outs:
    - path: ../../../Data/For_Analysis_and_Modeling/5th_quadrimester/pred_analys_polytechnic_record_personal_access.csv
      md5: c0bc4c3676a6c674ee45d2b1d0ed20d9
      size: 163065
  feat_eng_pol_6th_quad:
    cmd: python /home/fran/Escritorio/i3uex/education_drop/Code/Analysis_and_Modeling/Feature_Engineering/quadrimesters_feat_eng.py
      -i "/home/fran/Escritorio/i3uex/education_drop/Data/For_Analysis_and_Modeling/5th_quadrimester/pred_analys_polytechnic_record_personal_access.csv"
      "/home/fran/Escritorio/i3uex/education_drop/Data/Processed/Polytechnic/Plan_Subject_Call/pr_polytechnic_plan_subject_call.csv"
      "/home/fran/Escritorio/i3uex/education_drop/Data/Processed/Polytechnic/Scolarship_per_year/pr_polytechnic_scholarship_per_year.csv"
      -o "/home/fran/Escritorio/i3uex/education_drop/Data/For_Analysis_and_Modeling/6th_quadrimester/analys_polytechnic_record_personal_access.csv"
      -s "Polytechnic" -c 3 -q 2
    deps:
    - path: ../../../Data/For_Analysis_and_Modeling/5th_quadrimester/pred_analys_polytechnic_record_personal_access.csv
      md5: c0bc4c3676a6c674ee45d2b1d0ed20d9
      size: 163065
    - path: ../../../Data/Processed/Polytechnic/Plan_Subject_Call/pr_polytechnic_plan_subject_call.csv
      md5: 6e9713ae442ba01761d37b98956007fa
      size: 27832849
    - path: ../../../Data/Processed/Polytechnic/Scolarship_per_year/pr_polytechnic_scholarship_per_year.csv
      md5: 95e81d20e4d6e6114f55ac892e84756c
      size: 1065167
    - path: ../../keys.py
      md5: 7aa472c0fc9233846361be28cffc409a
      size: 1158
    outs:
    - path: ../../../Data/For_Analysis_and_Modeling/6th_quadrimester/analys_polytechnic_record_personal_access.csv
      md5: 16c2b2805498f0a2d22a8d5950b33773
      size: 167183
  feat_sel_pol_6th_quad:
    cmd: python /home/fran/Escritorio/i3uex/education_drop/Code/Analysis_and_Modeling/Feature_Selection/feat_sel.py
      -i "/home/fran/Escritorio/i3uex/education_drop/Data/For_Analysis_and_Modeling/6th_quadrimester/analys_polytechnic_record_personal_access.csv"
      -o "/home/fran/Escritorio/i3uex/education_drop/Data/For_Analysis_and_Modeling/6th_quadrimester/final_analys_polytechnic_record_personal_access.csv"
      -s "Polytechnic" -c 3 -q 2
    deps:
    - path: ../../../Data/For_Analysis_and_Modeling/6th_quadrimester/analys_polytechnic_record_personal_access.csv
      md5: 16c2b2805498f0a2d22a8d5950b33773
      size: 167183
    - path: ../../keys.py
      md5: 7aa472c0fc9233846361be28cffc409a
      size: 1158
    outs:
    - path: ../../../Data/For_Analysis_and_Modeling/6th_quadrimester/final_analys_polytechnic_record_personal_access.csv
      md5: 24aed1fe176a4d8169929f1974622a33
      size: 165837
  analys_pol_6th_quad:
    cmd: python /home/fran/Escritorio/i3uex/education_drop/Code/Analysis_and_Modeling/Analysis/ensemble_model.py
      -i "/home/fran/Escritorio/i3uex/education_drop/Data/For_Analysis_and_Modeling/6th_quadrimester/final_analys_polytechnic_record_personal_access.csv"
      -o "/home/fran/Escritorio/i3uex/education_drop/Data/For_Analysis_and_Modeling/6th_quadrimester/pred_analys_polytechnic_record_personal_access.csv"
      -s "Polytechnic" -c 3 -q 2 -mn 6
    deps:
    - path: ../../../Data/For_Analysis_and_Modeling/6th_quadrimester/final_analys_polytechnic_record_personal_access.csv
      md5: 24aed1fe176a4d8169929f1974622a33
      size: 165837
    - path: ../../keys.py
      md5: 7aa472c0fc9233846361be28cffc409a
      size: 1158
    outs:
    - path: ../../../Data/For_Analysis_and_Modeling/6th_quadrimester/pred_analys_polytechnic_record_personal_access.csv
      md5: 84e4cf5deca2ea06c954c9ec935f2fcd
      size: 163718
  feat_eng_pol_7th_quad:
    cmd: python /home/fran/Escritorio/i3uex/education_drop/Code/Analysis_and_Modeling/Feature_Engineering/quadrimesters_feat_eng.py
      -i "/home/fran/Escritorio/i3uex/education_drop/Data/For_Analysis_and_Modeling/6th_quadrimester/pred_analys_polytechnic_record_personal_access.csv"
      "/home/fran/Escritorio/i3uex/education_drop/Data/Processed/Polytechnic/Plan_Subject_Call/pr_polytechnic_plan_subject_call.csv"
      "/home/fran/Escritorio/i3uex/education_drop/Data/Processed/Polytechnic/Scolarship_per_year/pr_polytechnic_scholarship_per_year.csv"
      -o "/home/fran/Escritorio/i3uex/education_drop/Data/For_Analysis_and_Modeling/7th_quadrimester/analys_polytechnic_record_personal_access.csv"
      -s "Polytechnic" -c 4 -q 1
    deps:
    - path: ../../../Data/For_Analysis_and_Modeling/6th_quadrimester/pred_analys_polytechnic_record_personal_access.csv
      md5: 84e4cf5deca2ea06c954c9ec935f2fcd
      size: 163718
    - path: ../../../Data/Processed/Polytechnic/Plan_Subject_Call/pr_polytechnic_plan_subject_call.csv
      md5: 6e9713ae442ba01761d37b98956007fa
      size: 27832849
    - path: ../../../Data/Processed/Polytechnic/Scolarship_per_year/pr_polytechnic_scholarship_per_year.csv
      md5: 95e81d20e4d6e6114f55ac892e84756c
      size: 1065167
    - path: ../../keys.py
      md5: 7aa472c0fc9233846361be28cffc409a
      size: 1158
    outs:
    - path: ../../../Data/For_Analysis_and_Modeling/7th_quadrimester/analys_polytechnic_record_personal_access.csv
      md5: 5d37d2a6b6d0fa2e34928508e554d324
      size: 148063
  feat_sel_pol_7th_quad:
    cmd: python /home/fran/Escritorio/i3uex/education_drop/Code/Analysis_and_Modeling/Feature_Selection/feat_sel.py
      -i "/home/fran/Escritorio/i3uex/education_drop/Data/For_Analysis_and_Modeling/7th_quadrimester/analys_polytechnic_record_personal_access.csv"
      -o "/home/fran/Escritorio/i3uex/education_drop/Data/For_Analysis_and_Modeling/7th_quadrimester/final_analys_polytechnic_record_personal_access.csv"
      -s "Polytechnic" -c 4 -q 1
    deps:
    - path: ../../../Data/For_Analysis_and_Modeling/7th_quadrimester/analys_polytechnic_record_personal_access.csv
      md5: 5d37d2a6b6d0fa2e34928508e554d324
      size: 148063
    - path: ../../keys.py
      md5: 7aa472c0fc9233846361be28cffc409a
      size: 1158
    outs:
    - path: ../../../Data/For_Analysis_and_Modeling/7th_quadrimester/final_analys_polytechnic_record_personal_access.csv
      md5: d4bcd8dd1c36037d8ac4d31c5e8eca32
      size: 146866
  analys_pol_7th_quad:
    cmd: python /home/fran/Escritorio/i3uex/education_drop/Code/Analysis_and_Modeling/Analysis/ensemble_model.py
      -i "/home/fran/Escritorio/i3uex/education_drop/Data/For_Analysis_and_Modeling/7th_quadrimester/final_analys_polytechnic_record_personal_access.csv"
      -o "/home/fran/Escritorio/i3uex/education_drop/Data/For_Analysis_and_Modeling/7th_quadrimester/pred_analys_polytechnic_record_personal_access.csv"
      -s "Polytechnic" -c 4 -q 1 -mn 7
    deps:
    - path: ../../../Data/For_Analysis_and_Modeling/7th_quadrimester/final_analys_polytechnic_record_personal_access.csv
      md5: d4bcd8dd1c36037d8ac4d31c5e8eca32
      size: 146866
    - path: ../../keys.py
      md5: 7aa472c0fc9233846361be28cffc409a
      size: 1158
    outs:
    - path: ../../../Data/For_Analysis_and_Modeling/7th_quadrimester/pred_analys_polytechnic_record_personal_access.csv
      md5: 620d5af5bd69e2efd632852a82045e77
      size: 145077
  feat_eng_pol_8th_quad:
    cmd: python /home/fran/Escritorio/i3uex/education_drop/Code/Analysis_and_Modeling/Feature_Engineering/quadrimesters_feat_eng.py
      -i "/home/fran/Escritorio/i3uex/education_drop/Data/For_Analysis_and_Modeling/7th_quadrimester/pred_analys_polytechnic_record_personal_access.csv"
      "/home/fran/Escritorio/i3uex/education_drop/Data/Processed/Polytechnic/Plan_Subject_Call/pr_polytechnic_plan_subject_call.csv"
      "/home/fran/Escritorio/i3uex/education_drop/Data/Processed/Polytechnic/Scolarship_per_year/pr_polytechnic_scholarship_per_year.csv"
      -o "/home/fran/Escritorio/i3uex/education_drop/Data/For_Analysis_and_Modeling/8th_quadrimester/analys_polytechnic_record_personal_access.csv"
      -s "Polytechnic" -c 4 -q 2
    deps:
    - path: ../../../Data/For_Analysis_and_Modeling/7th_quadrimester/pred_analys_polytechnic_record_personal_access.csv
      md5: 620d5af5bd69e2efd632852a82045e77
      size: 145077
    - path: ../../../Data/Processed/Polytechnic/Plan_Subject_Call/pr_polytechnic_plan_subject_call.csv
      md5: 6e9713ae442ba01761d37b98956007fa
      size: 27832849
    - path: ../../../Data/Processed/Polytechnic/Scolarship_per_year/pr_polytechnic_scholarship_per_year.csv
      md5: 95e81d20e4d6e6114f55ac892e84756c
      size: 1065167
    - path: ../../keys.py
      md5: 7aa472c0fc9233846361be28cffc409a
      size: 1158
    outs:
    - path: ../../../Data/For_Analysis_and_Modeling/8th_quadrimester/analys_polytechnic_record_personal_access.csv
      md5: 88e82bd7e22caeb07b85ffcafa04763e
      size: 147184
  feat_sel_pol_8th_quad:
    cmd: python /home/fran/Escritorio/i3uex/education_drop/Code/Analysis_and_Modeling/Feature_Selection/feat_sel.py
      -i "/home/fran/Escritorio/i3uex/education_drop/Data/For_Analysis_and_Modeling/8th_quadrimester/analys_polytechnic_record_personal_access.csv"
      -o "/home/fran/Escritorio/i3uex/education_drop/Data/For_Analysis_and_Modeling/8th_quadrimester/final_analys_polytechnic_record_personal_access.csv"
      -s "Polytechnic" -c 4 -q 2
    deps:
    - path: ../../../Data/For_Analysis_and_Modeling/8th_quadrimester/analys_polytechnic_record_personal_access.csv
      md5: 88e82bd7e22caeb07b85ffcafa04763e
      size: 147184
    - path: ../../keys.py
      md5: 7aa472c0fc9233846361be28cffc409a
      size: 1158
    outs:
    - path: ../../../Data/For_Analysis_and_Modeling/8th_quadrimester/final_analys_polytechnic_record_personal_access.csv
      md5: 96fc4f871b4a7c43e1556ee468c20d11
      size: 146053
  analys_pol_8th_quad:
    cmd: python /home/fran/Escritorio/i3uex/education_drop/Code/Analysis_and_Modeling/Analysis/ensemble_model.py
      -i "/home/fran/Escritorio/i3uex/education_drop/Data/For_Analysis_and_Modeling/8th_quadrimester/final_analys_polytechnic_record_personal_access.csv"
      -o "/home/fran/Escritorio/i3uex/education_drop/Data/For_Analysis_and_Modeling/8th_quadrimester/pred_analys_polytechnic_record_personal_access.csv"
      -s "Polytechnic" -c 4 -q 2 -mn 8
    deps:
    - path: ../../../Data/For_Analysis_and_Modeling/8th_quadrimester/final_analys_polytechnic_record_personal_access.csv
      md5: 96fc4f871b4a7c43e1556ee468c20d11
      size: 146053
    - path: ../../keys.py
      md5: 7aa472c0fc9233846361be28cffc409a
      size: 1158
    outs:
    - path: ../../../Data/For_Analysis_and_Modeling/8th_quadrimester/pred_analys_polytechnic_record_personal_access.csv
      md5: ca9c5b23b68784855f2b7dbca38792e6
      size: 144099
